
Microsoft Visual Studio Solution File, Format Version 12.00
# Visual Studio Version 16
VisualStudioVersion = 16.0.29001.49
MinimumVisualStudioVersion = 10.0.40219.1
Project("{9A19103F-16F7-4668-BE54-9A1E7A4F7556}") = "EP.Gateway", "EP.Gateway\EP.Gateway.csproj", "{59516105-73D4-44C5-8FD2-58B7D2690FDE}"
EndProject
Project("{2150E333-8FDC-42A3-9474-1A3956D46DE8}") = "TicTacToe", "TicTacToe", "{D3139C70-21FB-4CAD-9C92-412DDA0EAE4D}"
EndProject
Project("{9A19103F-16F7-4668-BE54-9A1E7A4F7556}") = "EP.TicTacToe.Web", "EP.TicTacToe.Web\EP.TicTacToe.Web.csproj", "{28C6CBF4-E7B9-43A9-B26D-2139E66DD0A7}"
EndProject
Project("{9A19103F-16F7-4668-BE54-9A1E7A4F7556}") = "EP.TicTacToe.Logic", "EP.TicTacToe.Logic\EP.TicTacToe.Logic.csproj", "{3268F94F-C14E-40D3-A566-B9604EE800E2}"
EndProject
Project("{9A19103F-16F7-4668-BE54-9A1E7A4F7556}") = "EP.TicTacToe.Data", "EP.TicTacToe.Data\EP.TicTacToe.Data.csproj", "{ACF396B1-2567-4AF0-9F39-D1E02C7FDA70}"
EndProject
Project("{9A19103F-16F7-4668-BE54-9A1E7A4F7556}") = "EP.TicTacToe.Security", "EP.TicTacToe.Security\EP.TicTacToe.Security.csproj", "{1CE388CC-54F5-435D-9F59-2D217D936A93}"
EndProject
Global
	GlobalSection(SolutionConfigurationPlatforms) = preSolution
		Debug|Any CPU = Debug|Any CPU
		Release|Any CPU = Release|Any CPU
	EndGlobalSection
	GlobalSection(ProjectConfigurationPlatforms) = postSolution
		{59516105-73D4-44C5-8FD2-58B7D2690FDE}.Debug|Any CPU.ActiveCfg = Debug|Any CPU
		{59516105-73D4-44C5-8FD2-58B7D2690FDE}.Debug|Any CPU.Build.0 = Debug|Any CPU
		{59516105-73D4-44C5-8FD2-58B7D2690FDE}.Release|Any CPU.ActiveCfg = Release|Any CPU
		{59516105-73D4-44C5-8FD2-58B7D2690FDE}.Release|Any CPU.Build.0 = Release|Any CPU
		{28C6CBF4-E7B9-43A9-B26D-2139E66DD0A7}.Debug|Any CPU.ActiveCfg = Debug|Any CPU
		{28C6CBF4-E7B9-43A9-B26D-2139E66DD0A7}.Debug|Any CPU.Build.0 = Debug|Any CPU
		{28C6CBF4-E7B9-43A9-B26D-2139E66DD0A7}.Release|Any CPU.ActiveCfg = Release|Any CPU
		{28C6CBF4-E7B9-43A9-B26D-2139E66DD0A7}.Release|Any CPU.Build.0 = Release|Any CPU
		{3268F94F-C14E-40D3-A566-B9604EE800E2}.Debug|Any CPU.ActiveCfg = Debug|Any CPU
		{3268F94F-C14E-40D3-A566-B9604EE800E2}.Debug|Any CPU.Build.0 = Debug|Any CPU
		{3268F94F-C14E-40D3-A566-B9604EE800E2}.Release|Any CPU.ActiveCfg = Release|Any CPU
		{3268F94F-C14E-40D3-A566-B9604EE800E2}.Release|Any CPU.Build.0 = Release|Any CPU
		{ACF396B1-2567-4AF0-9F39-D1E02C7FDA70}.Debug|Any CPU.ActiveCfg = Debug|Any CPU
		{ACF396B1-2567-4AF0-9F39-D1E02C7FDA70}.Debug|Any CPU.Build.0 = Debug|Any CPU
		{ACF396B1-2567-4AF0-9F39-D1E02C7FDA70}.Release|Any CPU.ActiveCfg = Release|Any CPU
		{ACF396B1-2567-4AF0-9F39-D1E02C7FDA70}.Release|Any CPU.Build.0 = Release|Any CPU
		{1CE388CC-54F5-435D-9F59-2D217D936A93}.Debug|Any CPU.ActiveCfg = Debug|Any CPU
		{1CE388CC-54F5-435D-9F59-2D217D936A93}.Debug|Any CPU.Build.0 = Debug|Any CPU
		{1CE388CC-54F5-435D-9F59-2D217D936A93}.Release|Any CPU.ActiveCfg = Release|Any CPU
		{1CE388CC-54F5-435D-9F59-2D217D936A93}.Release|Any CPU.Build.0 = Release|Any CPU
	EndGlobalSection
	GlobalSection(SolutionProperties) = preSolution
		HideSolutionNode = FALSE
	EndGlobalSection
	GlobalSection(NestedProjects) = preSolution
		{28C6CBF4-E7B9-43A9-B26D-2139E66DD0A7} = {D3139C70-21FB-4CAD-9C92-412DDA0EAE4D}
		{3268F94F-C14E-40D3-A566-B9604EE800E2} = {D3139C70-21FB-4CAD-9C92-412DDA0EAE4D}
		{ACF396B1-2567-4AF0-9F39-D1E02C7FDA70} = {D3139C70-21FB-4CAD-9C92-412DDA0EAE4D}
		{1CE388CC-54F5-435D-9F59-2D217D936A93} = {D3139C70-21FB-4CAD-9C92-412DDA0EAE4D}
	EndGlobalSection
	GlobalSection(ExtensibilityGlobals) = postSolution
		SolutionGuid = {E0F67030-0B27-4A47-884D-0155BC42C38C}
	EndGlobalSection
EndGlobal
